
Microsoft Visual Studio Solution File, Format Version 12.00
# Visual Studio Version 17
VisualStudioVersion = 17.0.32126.317
MinimumVisualStudioVersion = 10.0.40219.1
Project("{FAE04EC0-301F-11D3-BF4B-00C04F79EFBC}") = "TechForum", "TechForum\TechForum.csproj", "{9FB80F8E-0909-42EF-8827-65ACCE16169F}"
EndProject
Project("{FAE04EC0-301F-11D3-BF4B-00C04F79EFBC}") = "TechForumNetCore31", "TechForumNetCore31\TechForumNetCore31.csproj", "{F3C05068-70F6-44E5-A065-9407A6D6F507}"
EndProject
Global
	GlobalSection(SolutionConfigurationPlatforms) = preSolution
		Debug|Any CPU = Debug|Any CPU
		Release|Any CPU = Release|Any CPU
	EndGlobalSection
	GlobalSection(ProjectConfigurationPlatforms) = postSolution
		{9FB80F8E-0909-42EF-8827-65ACCE16169F}.Debug|Any CPU.ActiveCfg = Debug|Any CPU
		{9FB80F8E-0909-42EF-8827-65ACCE16169F}.Debug|Any CPU.Build.0 = Debug|Any CPU
		{9FB80F8E-0909-42EF-8827-65ACCE16169F}.Release|Any CPU.ActiveCfg = Release|Any CPU
		{9FB80F8E-0909-42EF-8827-65ACCE16169F}.Release|Any CPU.Build.0 = Release|Any CPU
		{F3C05068-70F6-44E5-A065-9407A6D6F507}.Debug|Any CPU.ActiveCfg = Debug|Any CPU
		{F3C05068-70F6-44E5-A065-9407A6D6F507}.Debug|Any CPU.Build.0 = Debug|Any CPU
		{F3C05068-70F6-44E5-A065-9407A6D6F507}.Release|Any CPU.ActiveCfg = Release|Any CPU
		{F3C05068-70F6-44E5-A065-9407A6D6F507}.Release|Any CPU.Build.0 = Release|Any CPU
	EndGlobalSection
	GlobalSection(SolutionProperties) = preSolution
		HideSolutionNode = FALSE
	EndGlobalSection
	GlobalSection(ExtensibilityGlobals) = postSolution
		SolutionGuid = {4BDAA8F3-BE63-47DA-96BF-B864A4E1A01D}
	EndGlobalSection
EndGlobal
